
Microsoft Visual Studio Solution File, Format Version 12.00
# Visual Studio 15
VisualStudioVersion = 15.0.27130.2027
MinimumVisualStudioVersion = 10.0.40219.1
Project("{FAE04EC0-301F-11D3-BF4B-00C04F79EFBC}") = "ExamTable", "ExamTable\ExamTable.csproj", "{5BD236C5-1689-4CBF-AA56-9E244718E6BE}"
EndProject
Global
	GlobalSection(SolutionConfigurationPlatforms) = preSolution
		Debug|Any CPU = Debug|Any CPU
		Release|Any CPU = Release|Any CPU
	EndGlobalSection
	GlobalSection(ProjectConfigurationPlatforms) = postSolution
		{5BD236C5-1689-4CBF-AA56-9E244718E6BE}.Debug|Any CPU.ActiveCfg = Debug|Any CPU
		{5BD236C5-1689-4CBF-AA56-9E244718E6BE}.Debug|Any CPU.Build.0 = Debug|Any CPU
		{5BD236C5-1689-4CBF-AA56-9E244718E6BE}.Release|Any CPU.ActiveCfg = Release|Any CPU
		{5BD236C5-1689-4CBF-AA56-9E244718E6BE}.Release|Any CPU.Build.0 = Release|Any CPU
	EndGlobalSection
	GlobalSection(SolutionProperties) = preSolution
		HideSolutionNode = FALSE
	EndGlobalSection
	GlobalSection(ExtensibilityGlobals) = postSolution
		SolutionGuid = {EB0CEF9E-034B-43A1-8888-465B36C774D5}
	EndGlobalSection
EndGlobal
